[{<<"bear">>,
  {git,"git://github.com/boundary/bear.git",
       {ref,"119234548783af19b8ec75c879c5062676b92571"}},
  1},
 {<<"folsom">>,
  {git,"git://github.com/boundary/folsom",
       {ref,"8914823067c623d2839ecd6d17785ba94ad004c8"}},
  0},
 {<<"jsx">>,
  {git,"git@github.com:talentdeficit/jsx.git",
       {ref,"58b9887780050123a6ae9f1f8532dc5a61d11ec3"}},
  0},
 {<<"meck">>,
  {git,"git://github.com/eproxus/meck",
       {ref,"dde759050eff19a1a80fd854d7375174b191665d"}},
  1}].
